// !$*UTF8*$!
{
	archiveVersion = 1;
	classes = {
	};
	objectVersion = 50;
	objects = {

/* Begin PBXBuildFile section */
		2123676C22723DD7002A211B /* README.md in Resources */ = {isa = PBXBuildFile; fileRef = 2123676B22723DD6002A211B /* README.md */; };
		79335701C67E0AD3E06237E7 /* Pods_StreemVisionSample.framework in Frameworks */ = {isa = PBXBuildFile; fileRef = 20C668173672923514C2C0F4 /* Pods_StreemVisionSample.framework */; };
		B7E636DE2270A99300C8B4E6 /* AppDelegate.swift in Sources */ = {isa = PBXBuildFile; fileRef = B7E636DD2270A99300C8B4E6 /* AppDelegate.swift */; };
		B7E636E02270A99300C8B4E6 /* art.scnassets in Resources */ = {isa = PBXBuildFile; fileRef = B7E636DF2270A99300C8B4E6 /* art.scnassets */; };
		B7E636E22270A99300C8B4E6 /* ViewController.swift in Sources */ = {isa = PBXBuildFile; fileRef = B7E636E12270A99300C8B4E6 /* ViewController.swift */; };
		B7E636E52270A99300C8B4E6 /* Main.storyboard in Resources */ = {isa = PBXBuildFile; fileRef = B7E636E32270A99300C8B4E6 /* Main.storyboard */; };
		B7E636E72270A99500C8B4E6 /* Assets.xcassets in Resources */ = {isa = PBXBuildFile; fileRef = B7E636E62270A99500C8B4E6 /* Assets.xcassets */; };
		B7E636EA2270A99500C8B4E6 /* LaunchScreen.storyboard in Resources */ = {isa = PBXBuildFile; fileRef = B7E636E82270A99500C8B4E6 /* LaunchScreen.storyboard */; };
		B7E636F22270AD1200C8B4E6 /* Utilities.swift in Sources */ = {isa = PBXBuildFile; fileRef = B7E636F12270AD1200C8B4E6 /* Utilities.swift */; };
/* End PBXBuildFile section */

/* Begin PBXFileReference section */
		0223F58209FFBCAE29372C13 /* Pods-StreemVisionSample.debug.xcconfig */ = {isa = PBXFileReference; includeInIndex = 1; lastKnownFileType = text.xcconfig; name = "Pods-StreemVisionSample.debug.xcconfig"; path = "Target Support Files/Pods-StreemVisionSample/Pods-StreemVisionSample.debug.xcconfig"; sourceTree = "<group>"; };
		20C668173672923514C2C0F4 /* Pods_StreemVisionSample.framework */ = {isa = PBXFileReference; explicitFileType = wrapper.framework; includeInIndex = 0; path = Pods_StreemVisionSample.framework; sourceTree = BUILT_PRODUCTS_DIR; };
		2123676B22723DD6002A211B /* README.md */ = {isa = PBXFileReference; fileEncoding = 4; lastKnownFileType = net.daringfireball.markdown; path = README.md; sourceTree = "<group>"; };
		71F8031B091E1BAE9535067B /* Pods-StreemVisionSample.release.xcconfig */ = {isa = PBXFileReference; includeInIndex = 1; lastKnownFileType = text.xcconfig; name = "Pods-StreemVisionSample.release.xcconfig"; path = "Target Support Files/Pods-StreemVisionSample/Pods-StreemVisionSample.release.xcconfig"; sourceTree = "<group>"; };
		B7E636DA2270A99300C8B4E6 /* StreemVisionSample.app */ = {isa = PBXFileReference; explicitFileType = wrapper.application; includeInIndex = 0; path = StreemVisionSample.app; sourceTree = BUILT_PRODUCTS_DIR; };
		B7E636DD2270A99300C8B4E6 /* AppDelegate.swift */ = {isa = PBXFileReference; lastKnownFileType = sourcecode.swift; path = AppDelegate.swift; sourceTree = "<group>"; };
		B7E636DF2270A99300C8B4E6 /* art.scnassets */ = {isa = PBXFileReference; lastKnownFileType = wrapper.scnassets; path = art.scnassets; sourceTree = "<group>"; };
		B7E636E12270A99300C8B4E6 /* ViewController.swift */ = {isa = PBXFileReference; lastKnownFileType = sourcecode.swift; path = ViewController.swift; sourceTree = "<group>"; };
		B7E636E42270A99300C8B4E6 /* Base */ = {isa = PBXFileReference; lastKnownFileType = file.storyboard; name = Base; path = Base.lproj/Main.storyboard; sourceTree = "<group>"; };
		B7E636E62270A99500C8B4E6 /* Assets.xcassets */ = {isa = PBXFileReference; lastKnownFileType = folder.assetcatalog; path = Assets.xcassets; sourceTree = "<group>"; };
		B7E636E92270A99500C8B4E6 /* Base */ = {isa = PBXFileReference; lastKnownFileType = file.storyboard; name = Base; path = Base.lproj/LaunchScreen.storyboard; sourceTree = "<group>"; };
		B7E636EB2270A99500C8B4E6 /* Info.plist */ = {isa = PBXFileReference; lastKnownFileType = text.plist.xml; path = Info.plist; sourceTree = "<group>"; };
		B7E636F12270AD1200C8B4E6 /* Utilities.swift */ = {isa = PBXFileReference; lastKnownFileType = sourcecode.swift; path = Utilities.swift; sourceTree = "<group>"; };
/* End PBXFileReference section */

/* Begin PBXFrameworksBuildPhase section */
		B7E636D72270A99300C8B4E6 /* Frameworks */ = {
			isa = PBXFrameworksBuildPhase;
			buildActionMask = 2147483647;
			files = (
				79335701C67E0AD3E06237E7 /* Pods_StreemVisionSample.framework in Frameworks */,
			);
			runOnlyForDeploymentPostprocessing = 0;
		};
/* End PBXFrameworksBuildPhase section */

/* Begin PBXGroup section */
		B5C9E021D86ED7CF61AB8C43 /* Frameworks */ = {
			isa = PBXGroup;
			children = (
				20C668173672923514C2C0F4 /* Pods_StreemVisionSample.framework */,
			);
			name = Frameworks;
			sourceTree = "<group>";
		};
		B7E636D12270A99300C8B4E6 = {
			isa = PBXGroup;
			children = (
				2123676B22723DD6002A211B /* README.md */,
				B7E636DC2270A99300C8B4E6 /* StreemVisionSample */,
				B7E636DB2270A99300C8B4E6 /* Products */,
				F0F29B41A42D53DD663D5A57 /* Pods */,
				B5C9E021D86ED7CF61AB8C43 /* Frameworks */,
			);
			sourceTree = "<group>";
		};
		B7E636DB2270A99300C8B4E6 /* Products */ = {
			isa = PBXGroup;
			children = (
				B7E636DA2270A99300C8B4E6 /* StreemVisionSample.app */,
			);
			name = Products;
			sourceTree = "<group>";
		};
		B7E636DC2270A99300C8B4E6 /* StreemVisionSample */ = {
			isa = PBXGroup;
			children = (
				B7E636DD2270A99300C8B4E6 /* AppDelegate.swift */,
				B7E636DF2270A99300C8B4E6 /* art.scnassets */,
				B7E636E12270A99300C8B4E6 /* ViewController.swift */,
				B7E636E32270A99300C8B4E6 /* Main.storyboard */,
				B7E636E62270A99500C8B4E6 /* Assets.xcassets */,
				B7E636E82270A99500C8B4E6 /* LaunchScreen.storyboard */,
				B7E636EB2270A99500C8B4E6 /* Info.plist */,
				B7E636F12270AD1200C8B4E6 /* Utilities.swift */,
			);
			path = StreemVisionSample;
			sourceTree = "<group>";
		};
		F0F29B41A42D53DD663D5A57 /* Pods */ = {
			isa = PBXGroup;
			children = (
				0223F58209FFBCAE29372C13 /* Pods-StreemVisionSample.debug.xcconfig */,
				71F8031B091E1BAE9535067B /* Pods-StreemVisionSample.release.xcconfig */,
			);
			path = Pods;
			sourceTree = "<group>";
		};
/* End PBXGroup section */

/* Begin PBXNativeTarget section */
		B7E636D92270A99300C8B4E6 /* StreemVisionSample */ = {
			isa = PBXNativeTarget;
			buildConfigurationList = B7E636EE2270A99500C8B4E6 /* Build configuration list for PBXNativeTarget "StreemVisionSample" */;
			buildPhases = (
				AE7FCCC971E64A6896B724C5 /* [CP] Check Pods Manifest.lock */,
				B7E636D62270A99300C8B4E6 /* Sources */,
				B7E636D72270A99300C8B4E6 /* Frameworks */,
				B7E636D82270A99300C8B4E6 /* Resources */,
				1E0FEC8D3F2951B27A6E317A /* [CP] Embed Pods Frameworks */,
			);
			buildRules = (
			);
			dependencies = (
			);
			name = StreemVisionSample;
			productName = StreemVisionSample;
			productReference = B7E636DA2270A99300C8B4E6 /* StreemVisionSample.app */;
			productType = "com.apple.product-type.application";
		};
/* End PBXNativeTarget section */

/* Begin PBXProject section */
		B7E636D22270A99300C8B4E6 /* Project object */ = {
			isa = PBXProject;
			attributes = {
				LastSwiftUpdateCheck = 1020;
				LastUpgradeCheck = 1020;
				ORGANIZATIONNAME = Streem;
				TargetAttributes = {
					B7E636D92270A99300C8B4E6 = {
						CreatedOnToolsVersion = 10.2.1;
					};
				};
			};
			buildConfigurationList = B7E636D52270A99300C8B4E6 /* Build configuration list for PBXProject "StreemVisionSample" */;
			compatibilityVersion = "Xcode 9.3";
			developmentRegion = en;
			hasScannedForEncodings = 0;
			knownRegions = (
				en,
				Base,
			);
			mainGroup = B7E636D12270A99300C8B4E6;
			productRefGroup = B7E636DB2270A99300C8B4E6 /* Products */;
			projectDirPath = "";
			projectRoot = "";
			targets = (
				B7E636D92270A99300C8B4E6 /* StreemVisionSample */,
			);
		};
/* End PBXProject section */

/* Begin PBXResourcesBuildPhase section */
		B7E636D82270A99300C8B4E6 /* Resources */ = {
			isa = PBXResourcesBuildPhase;
			buildActionMask = 2147483647;
			files = (
				B7E636E02270A99300C8B4E6 /* art.scnassets in Resources */,
				B7E636EA2270A99500C8B4E6 /* LaunchScreen.storyboard in Resources */,
				2123676C22723DD7002A211B /* README.md in Resources */,
				B7E636E72270A99500C8B4E6 /* Assets.xcassets in Resources */,
				B7E636E52270A99300C8B4E6 /* Main.storyboard in Resources */,
			);
			runOnlyForDeploymentPostprocessing = 0;
		};
/* End PBXResourcesBuildPhase section */

/* Begin PBXShellScriptBuildPhase section */
		1E0FEC8D3F2951B27A6E317A /* [CP] Embed Pods Frameworks */ = {
			isa = PBXShellScriptBuildPhase;
			buildActionMask = 2147483647;
			files = (
			);
			inputFileListPaths = (
				"${PODS_ROOT}/Target Support Files/Pods-StreemVisionSample/Pods-StreemVisionSample-frameworks-${CONFIGURATION}-input-files.xcfilelist",
			);
			name = "[CP] Embed Pods Frameworks";
			outputFileListPaths = (
				"${PODS_ROOT}/Target Support Files/Pods-StreemVisionSample/Pods-StreemVisionSample-frameworks-${CONFIGURATION}-output-files.xcfilelist",
			);
			runOnlyForDeploymentPostprocessing = 0;
			shellPath = /bin/sh;
			shellScript = "\"${PODS_ROOT}/Target Support Files/Pods-StreemVisionSample/Pods-StreemVisionSample-frameworks.sh\"\n";
			showEnvVarsInLog = 0;
		};
		AE7FCCC971E64A6896B724C5 /* [CP] Check Pods Manifest.lock */ = {
			isa = PBXShellScriptBuildPhase;
			buildActionMask = 2147483647;
			files = (
			);
			inputFileListPaths = (
			);
			inputPaths = (
				"${PODS_PODFILE_DIR_PATH}/Podfile.lock",
				"${PODS_ROOT}/Manifest.lock",
			);
			name = "[CP] Check Pods Manifest.lock";
			outputFileListPaths = (
			);
			outputPaths = (
				"$(DERIVED_FILE_DIR)/Pods-StreemVisionSample-checkManifestLockResult.txt",
			);
			runOnlyForDeploymentPostprocessing = 0;
			shellPath = /bin/sh;
			shellScript = "diff \"${PODS_PODFILE_DIR_PATH}/Podfile.lock\" \"${PODS_ROOT}/Manifest.lock\" > /dev/null\nif [ $? != 0 ] ; then\n    # print error to STDERR\n    echo \"error: The sandbox is not in sync with the Podfile.lock. Run 'pod install' or update your CocoaPods installation.\" >&2\n    exit 1\nfi\n# This output is used by Xcode 'outputs' to avoid re-running this script phase.\necho \"SUCCESS\" > \"${SCRIPT_OUTPUT_FILE_0}\"\n";
			showEnvVarsInLog = 0;
		};
/* End PBXShellScriptBuildPhase section */

/* Begin PBXSourcesBuildPhase section */
		B7E636D62270A99300C8B4E6 /* Sources */ = {
			isa = PBXSourcesBuildPhase;
			buildActionMask = 2147483647;
			files = (
				B7E636F22270AD1200C8B4E6 /* Utilities.swift in Sources */,
				B7E636E22270A99300C8B4E6 /* ViewController.swift in Sources */,
				B7E636DE2270A99300C8B4E6 /* AppDelegate.swift in Sources */,
			);
			runOnlyForDeploymentPostprocessing = 0;
		};
/* End PBXSourcesBuildPhase section */

/* Begin PBXVariantGroup section */
		B7E636E32270A99300C8B4E6 /* Main.storyboard */ = {
			isa = PBXVariantGroup;
			children = (
				B7E636E42270A99300C8B4E6 /* Base */,
			);
			name = Main.storyboard;
			sourceTree = "<group>";
		};
		B7E636E82270A99500C8B4E6 /* LaunchScreen.storyboard */ = {
			isa = PBXVariantGroup;
			children = (
				B7E636E92270A99500C8B4E6 /* Base */,
			);
			name = LaunchScreen.storyboard;
			sourceTree = "<group>";
		};
/* End PBXVariantGroup section */

/* Begin XCBuildConfiguration section */
		B7E636EC2270A99500C8B4E6 /* Debug */ = {
			isa = XCBuildConfiguration;
			buildSettings = {
				ALWAYS_SEARCH_USER_PATHS = NO;
				CLANG_ANALYZER_NONNULL = YES;
				CLANG_ANALYZER_NUMBER_OBJECT_CONVERSION = YES_AGGRESSIVE;
				CLANG_CXX_LANGUAGE_STANDARD = "gnu++14";
				CLANG_CXX_LIBRARY = "libc++";
				CLANG_ENABLE_MODULES = YES;
				CLANG_ENABLE_OBJC_ARC = YES;
				CLANG_ENABLE_OBJC_WEAK = YES;
				CLANG_WARN_BLOCK_CAPTURE_AUTORELEASING = YES;
				CLANG_WARN_BOOL_CONVERSION = YES;
				CLANG_WARN_COMMA = YES;
				CLANG_WARN_CONSTANT_CONVERSION = YES;
				CLANG_WARN_DEPRECATED_OBJC_IMPLEMENTATIONS = YES;
				CLANG_WARN_DIRECT_OBJC_ISA_USAGE = YES_ERROR;
				CLANG_WARN_DOCUMENTATION_COMMENTS = YES;
				CLANG_WARN_EMPTY_BODY = YES;
				CLANG_WARN_ENUM_CONVERSION = YES;
				CLANG_WARN_INFINITE_RECURSION = YES;
				CLANG_WARN_INT_CONVERSION = YES;
				CLANG_WARN_NON_LITERAL_NULL_CONVERSION = YES;
				CLANG_WARN_OBJC_IMPLICIT_RETAIN_SELF = YES;
				CLANG_WARN_OBJC_LITERAL_CONVERSION = YES;
				CLANG_WARN_OBJC_ROOT_CLASS = YES_ERROR;
				CLANG_WARN_RANGE_LOOP_ANALYSIS = YES;
				CLANG_WARN_STRICT_PROTOTYPES = YES;
				CLANG_WARN_SUSPICIOUS_MOVE = YES;
				CLANG_WARN_UNGUARDED_AVAILABILITY = YES_AGGRESSIVE;
				CLANG_WARN_UNREACHABLE_CODE = YES;
				CLANG_WARN__DUPLICATE_METHOD_MATCH = YES;
				CODE_SIGN_IDENTITY = "iPhone Developer";
				COPY_PHASE_STRIP = NO;
				DEBUG_INFORMATION_FORMAT = dwarf;
				ENABLE_STRICT_OBJC_MSGSEND = YES;
				ENABLE_TESTABILITY = YES;
				GCC_C_LANGUAGE_STANDARD = gnu11;
				GCC_DYNAMIC_NO_PIC = NO;
				GCC_NO_COMMON_BLOCKS = YES;
				GCC_OPTIMIZATION_LEVEL = 0;
				GCC_PREPROCESSOR_DEFINITIONS = (
					"DEBUG=1",
					"$(inherited)",
				);
				GCC_WARN_64_TO_32_BIT_CONVERSION = YES;
				GCC_WARN_ABOUT_RETURN_TYPE = YES_ERROR;
				GCC_WARN_UNDECLARED_SELECTOR = YES;
				GCC_WARN_UNINITIALIZED_AUTOS = YES_AGGRESSIVE;
				GCC_WARN_UNUSED_FUNCTION = YES;
				GCC_WARN_UNUSED_VARIABLE = YES;
				IPHONEOS_DEPLOYMENT_TARGET = 12.2;
				MTL_ENABLE_DEBUG_INFO = INCLUDE_SOURCE;
				MTL_FAST_MATH = YES;
				ONLY_ACTIVE_ARCH = YES;
				SDKROOT = iphoneos;
				SWIFT_ACTIVE_COMPILATION_CONDITIONS = DEBUG;
				SWIFT_OPTIMIZATION_LEVEL = "-Onone";
			};
			name = Debug;
		};
		B7E636ED2270A99500C8B4E6 /* Release */ = {
			isa = XCBuildConfiguration;
			buildSettings = {
				ALWAYS_SEARCH_USER_PATHS = NO;
				CLANG_ANALYZER_NONNULL = YES;
				CLANG_ANALYZER_NUMBER_OBJECT_CONVERSION = YES_AGGRESSIVE;
				CLANG_CXX_LANGUAGE_STANDARD = "gnu++14";
				CLANG_CXX_LIBRARY = "libc++";
				CLANG_ENABLE_MODULES = YES;
				CLANG_ENABLE_OBJC_ARC = YES;
				CLANG_ENABLE_OBJC_WEAK = YES;
				CLANG_WARN_BLOCK_CAPTURE_AUTORELEASING = YES;
				CLANG_WARN_BOOL_CONVERSION = YES;
				CLANG_WARN_COMMA = YES;
				CLANG_WARN_CONSTANT_CONVERSION = YES;
				CLANG_WARN_DEPRECATED_OBJC_IMPLEMENTATIONS = YES;
				CLANG_WARN_DIRECT_OBJC_ISA_USAGE = YES_ERROR;
				CLANG_WARN_DOCUMENTATION_COMMENTS = YES;
				CLANG_WARN_EMPTY_BODY = YES;
				CLANG_WARN_ENUM_CONVERSION = YES;
				CLANG_WARN_INFINITE_RECURSION = YES;
				CLANG_WARN_INT_CONVERSION = YES;
				CLANG_WARN_NON_LITERAL_NULL_CONVERSION = YES;
				CLANG_WARN_OBJC_IMPLICIT_RETAIN_SELF = YES;
				CLANG_WARN_OBJC_LITERAL_CONVERSION = YES;
				CLANG_WARN_OBJC_ROOT_CLASS = YES_ERROR;
				CLANG_WARN_RANGE_LOOP_ANALYSIS = YES;
				CLANG_WARN_STRICT_PROTOTYPES = YES;
				CLANG_WARN_SUSPICIOUS_MOVE = YES;
				CLANG_WARN_UNGUARDED_AVAILABILITY = YES_AGGRESSIVE;
				CLANG_WARN_UNREACHABLE_CODE = YES;
				CLANG_WARN__DUPLICATE_METHOD_MATCH = YES;
				CODE_SIGN_IDENTITY = "iPhone Developer";
				COPY_PHASE_STRIP = NO;
				DEBUG_INFORMATION_FORMAT = "dwarf-with-dsym";
				ENABLE_NS_ASSERTIONS = NO;
				ENABLE_STRICT_OBJC_MSGSEND = YES;
				GCC_C_LANGUAGE_STANDARD = gnu11;
				GCC_NO_COMMON_BLOCKS = YES;
				GCC_WARN_64_TO_32_BIT_CONVERSION = YES;
				GCC_WARN_ABOUT_RETURN_TYPE = YES_ERROR;
				GCC_WARN_UNDECLARED_SELECTOR = YES;
				GCC_WARN_UNINITIALIZED_AUTOS = YES_AGGRESSIVE;
				GCC_WARN_UNUSED_FUNCTION = YES;
				GCC_WARN_UNUSED_VARIABLE = YES;
				IPHONEOS_DEPLOYMENT_TARGET = 12.2;
				MTL_ENABLE_DEBUG_INFO = NO;
				MTL_FAST_MATH = YES;
				SDKROOT = iphoneos;
				SWIFT_COMPILATION_MODE = wholemodule;
				SWIFT_OPTIMIZATION_LEVEL = "-O";
				VALIDATE_PRODUCT = YES;
			};
			name = Release;
		};
		B7E636EF2270A99500C8B4E6 /* Debug */ = {
			isa = XCBuildConfiguration;
			baseConfigurationReference = 0223F58209FFBCAE29372C13 /* Pods-StreemVisionSample.debug.xcconfig */;
			buildSettings = {
				ASSETCATALOG_COMPILER_APPICON_NAME = AppIcon;
				CODE_SIGN_STYLE = Automatic;
				DEVELOPMENT_TEAM = 3QG6M38N8P;
				ENABLE_BITCODE = NO;
				INFOPLIST_FILE = StreemVisionSample/Info.plist;
				IPHONEOS_DEPLOYMENT_TARGET = 12.0;
				LD_RUNPATH_SEARCH_PATHS = (
					"$(inherited)",
					"@executable_path/Frameworks",
				);
				PRODUCT_BUNDLE_IDENTIFIER = com.streem.StreemVisionSample;
				PRODUCT_NAME = "$(TARGET_NAME)";
				SWIFT_VERSION = 5.0;
				TARGETED_DEVICE_FAMILY = "1,2";
			};
			name = Debug;
		};
		B7E636F02270A99500C8B4E6 /* Release */ = {
			isa = XCBuildConfiguration;
			baseConfigurationReference = 71F8031B091E1BAE9535067B /* Pods-StreemVisionSample.release.xcconfig */;
			buildSettings = {
				ASSETCATALOG_COMPILER_APPICON_NAME = AppIcon;
				CODE_SIGN_STYLE = Automatic;
				DEVELOPMENT_TEAM = 3QG6M38N8P;
				ENABLE_BITCODE = NO;
				INFOPLIST_FILE = StreemVisionSample/Info.plist;
				IPHONEOS_DEPLOYMENT_TARGET = 12.0;
				LD_RUNPATH_SEARCH_PATHS = (
					"$(inherited)",
					"@executable_path/Frameworks",
				);
				PRODUCT_BUNDLE_IDENTIFIER = com.streem.StreemVisionSample;
				PRODUCT_NAME = "$(TARGET_NAME)";
				SWIFT_VERSION = 5.0;
				TARGETED_DEVICE_FAMILY = "1,2";
			};
			name = Release;
		};
/* End XCBuildConfiguration section */

/* Begin XCConfigurationList section */
		B7E636D52270A99300C8B4E6 /* Build configuration list for PBXProject "StreemVisionSample" */ = {
			isa = XCConfigurationList;
			buildConfigurations = (
				B7E636EC2270A99500C8B4E6 /* Debug */,
				B7E636ED2270A99500C8B4E6 /* Release */,
			);
			defaultConfigurationIsVisible = 0;
			defaultConfigurationName = Release;
		};
		B7E636EE2270A99500C8B4E6 /* Build configuration list for PBXNativeTarget "StreemVisionSample" */ = {
			isa = XCConfigurationList;
			buildConfigurations = (
				B7E636EF2270A99500C8B4E6 /* Debug */,
				B7E636F02270A99500C8B4E6 /* Release */,
			);
			defaultConfigurationIsVisible = 0;
			defaultConfigurationName = Release;
		};
/* End XCConfigurationList section */
	};
	rootObject = B7E636D22270A99300C8B4E6 /* Project object */;
}
